// !$*UTF8*$!
{
	archiveVersion = 1;
	classes = {
	};
	objectVersion = 55;
	objects = {

/* Begin PBXBuildFile section */
		601018F42831940900DF7BA9 /* HeaderViewCell.swift in Sources */ = {isa = PBXBuildFile; fileRef = 601018F32831940900DF7BA9 /* HeaderViewCell.swift */; };
		601018FA28323E5200DF7BA9 /* PagingFooterView.swift in Sources */ = {isa = PBXBuildFile; fileRef = 601018F928323E5100DF7BA9 /* PagingFooterView.swift */; };
		601018FD2832432900DF7BA9 /* PagingInfo.swift in Sources */ = {isa = PBXBuildFile; fileRef = 601018FC2832432900DF7BA9 /* PagingInfo.swift */; };
		601018FF283272C200DF7BA9 /* LabelCell.swift in Sources */ = {isa = PBXBuildFile; fileRef = 601018FE283272C200DF7BA9 /* LabelCell.swift */; };
		601019012832766300DF7BA9 /* LabelHeadrView.swift in Sources */ = {isa = PBXBuildFile; fileRef = 601019002832766300DF7BA9 /* LabelHeadrView.swift */; };
		601019032832CF5100DF7BA9 /* NSCollectionLayoutItem+Extension.swift in Sources */ = {isa = PBXBuildFile; fileRef = 601019022832CF5100DF7BA9 /* NSCollectionLayoutItem+Extension.swift */; };
		601019082832D1CF00DF7BA9 /* NSDirectionalEdgeInsets+Extension.swift in Sources */ = {isa = PBXBuildFile; fileRef = 601019072832D1CF00DF7BA9 /* NSDirectionalEdgeInsets+Extension.swift */; };
		6010190A2833C51B00DF7BA9 /* HeaderSectionModel.swift in Sources */ = {isa = PBXBuildFile; fileRef = 601019092833C51B00DF7BA9 /* HeaderSectionModel.swift */; };
		6010190C2833CAFA00DF7BA9 /* LabelModel.swift in Sources */ = {isa = PBXBuildFile; fileRef = 6010190B2833CAFA00DF7BA9 /* LabelModel.swift */; };
		6010190E2833E47F00DF7BA9 /* SimpleFooterView.swift in Sources */ = {isa = PBXBuildFile; fileRef = 6010190D2833E47F00DF7BA9 /* SimpleFooterView.swift */; };
		601019102833E5F800DF7BA9 /* UICollectionReusableView+Extension.swift in Sources */ = {isa = PBXBuildFile; fileRef = 6010190F2833E5F800DF7BA9 /* UICollectionReusableView+Extension.swift */; };
		605399D328316885007444C9 /* AppDelegate.swift in Sources */ = {isa = PBXBuildFile; fileRef = 605399D228316885007444C9 /* AppDelegate.swift */; };
		605399D528316885007444C9 /* SceneDelegate.swift in Sources */ = {isa = PBXBuildFile; fileRef = 605399D428316885007444C9 /* SceneDelegate.swift */; };
		605399D728316885007444C9 /* PlaylistViewController.swift in Sources */ = {isa = PBXBuildFile; fileRef = 605399D628316885007444C9 /* PlaylistViewController.swift */; };
		605399DC28316886007444C9 /* Assets.xcassets in Resources */ = {isa = PBXBuildFile; fileRef = 605399DB28316886007444C9 /* Assets.xcassets */; };
		605399DF28316886007444C9 /* LaunchScreen.storyboard in Resources */ = {isa = PBXBuildFile; fileRef = 605399DD28316886007444C9 /* LaunchScreen.storyboard */; };
		60D4C26F283536B700FF7013 /* MediumViewCell.swift in Sources */ = {isa = PBXBuildFile; fileRef = 60D4C26E283536B700FF7013 /* MediumViewCell.swift */; };
		60D4C27128353B0C00FF7013 /* MediumSectionModel.swift in Sources */ = {isa = PBXBuildFile; fileRef = 60D4C27028353B0C00FF7013 /* MediumSectionModel.swift */; };
		60D4C27328369EFC00FF7013 /* VideoPlayerCardView.swift in Sources */ = {isa = PBXBuildFile; fileRef = 60D4C27228369EFC00FF7013 /* VideoPlayerCardView.swift */; };
/* End PBXBuildFile section */

/* Begin PBXFileReference section */
		601018F32831940900DF7BA9 /* HeaderViewCell.swift */ = {isa = PBXFileReference; lastKnownFileType = sourcecode.swift; path = HeaderViewCell.swift; sourceTree = "<group>"; };
		601018F928323E5100DF7BA9 /* PagingFooterView.swift */ = {isa = PBXFileReference; lastKnownFileType = sourcecode.swift; path = PagingFooterView.swift; sourceTree = "<group>"; };
		601018FC2832432900DF7BA9 /* PagingInfo.swift */ = {isa = PBXFileReference; lastKnownFileType = sourcecode.swift; path = PagingInfo.swift; sourceTree = "<group>"; };
		601018FE283272C200DF7BA9 /* LabelCell.swift */ = {isa = PBXFileReference; lastKnownFileType = sourcecode.swift; path = LabelCell.swift; sourceTree = "<group>"; };
		601019002832766300DF7BA9 /* LabelHeadrView.swift */ = {isa = PBXFileReference; lastKnownFileType = sourcecode.swift; path = LabelHeadrView.swift; sourceTree = "<group>"; };
		601019022832CF5100DF7BA9 /* NSCollectionLayoutItem+Extension.swift */ = {isa = PBXFileReference; lastKnownFileType = sourcecode.swift; path = "NSCollectionLayoutItem+Extension.swift"; sourceTree = "<group>"; };
		601019072832D1CF00DF7BA9 /* NSDirectionalEdgeInsets+Extension.swift */ = {isa = PBXFileReference; lastKnownFileType = sourcecode.swift; path = "NSDirectionalEdgeInsets+Extension.swift"; sourceTree = "<group>"; };
		601019092833C51B00DF7BA9 /* HeaderSectionModel.swift */ = {isa = PBXFileReference; lastKnownFileType = sourcecode.swift; path = HeaderSectionModel.swift; sourceTree = "<group>"; };
		6010190B2833CAFA00DF7BA9 /* LabelModel.swift */ = {isa = PBXFileReference; lastKnownFileType = sourcecode.swift; path = LabelModel.swift; sourceTree = "<group>"; };
		6010190D2833E47F00DF7BA9 /* SimpleFooterView.swift */ = {isa = PBXFileReference; lastKnownFileType = sourcecode.swift; path = SimpleFooterView.swift; sourceTree = "<group>"; };
		6010190F2833E5F800DF7BA9 /* UICollectionReusableView+Extension.swift */ = {isa = PBXFileReference; lastKnownFileType = sourcecode.swift; path = "UICollectionReusableView+Extension.swift"; sourceTree = "<group>"; };
		605399CF28316885007444C9 /* YouTubePlaylists.app */ = {isa = PBXFileReference; explicitFileType = wrapper.application; includeInIndex = 0; path = YouTubePlaylists.app; sourceTree = BUILT_PRODUCTS_DIR; };
		605399D228316885007444C9 /* AppDelegate.swift */ = {isa = PBXFileReference; lastKnownFileType = sourcecode.swift; path = AppDelegate.swift; sourceTree = "<group>"; };
		605399D428316885007444C9 /* SceneDelegate.swift */ = {isa = PBXFileReference; lastKnownFileType = sourcecode.swift; path = SceneDelegate.swift; sourceTree = "<group>"; };
		605399D628316885007444C9 /* PlaylistViewController.swift */ = {isa = PBXFileReference; lastKnownFileType = sourcecode.swift; path = PlaylistViewController.swift; sourceTree = "<group>"; };
		605399DB28316886007444C9 /* Assets.xcassets */ = {isa = PBXFileReference; lastKnownFileType = folder.assetcatalog; path = Assets.xcassets; sourceTree = "<group>"; };
		605399DE28316886007444C9 /* Base */ = {isa = PBXFileReference; lastKnownFileType = file.storyboard; name = Base; path = Base.lproj/LaunchScreen.storyboard; sourceTree = "<group>"; };
		605399E028316886007444C9 /* Info.plist */ = {isa = PBXFileReference; lastKnownFileType = text.plist.xml; path = Info.plist; sourceTree = "<group>"; };
		60D4C26E283536B700FF7013 /* MediumViewCell.swift */ = {isa = PBXFileReference; lastKnownFileType = sourcecode.swift; path = MediumViewCell.swift; sourceTree = "<group>"; };
		60D4C27028353B0C00FF7013 /* MediumSectionModel.swift */ = {isa = PBXFileReference; lastKnownFileType = sourcecode.swift; path = MediumSectionModel.swift; sourceTree = "<group>"; };
		60D4C27228369EFC00FF7013 /* VideoPlayerCardView.swift */ = {isa = PBXFileReference; lastKnownFileType = sourcecode.swift; path = VideoPlayerCardView.swift; sourceTree = "<group>"; };
/* End PBXFileReference section */

/* Begin PBXFrameworksBuildPhase section */
		605399CC28316885007444C9 /* Frameworks */ = {
			isa = PBXFrameworksBuildPhase;
			buildActionMask = 2147483647;
			files = (
			);
			runOnlyForDeploymentPostprocessing = 0;
		};
/* End PBXFrameworksBuildPhase section */

/* Begin PBXGroup section */
		601018FB2832431100DF7BA9 /* Model */ = {
			isa = PBXGroup;
			children = (
				601018FC2832432900DF7BA9 /* PagingInfo.swift */,
				601019092833C51B00DF7BA9 /* HeaderSectionModel.swift */,
				60D4C27028353B0C00FF7013 /* MediumSectionModel.swift */,
				6010190B2833CAFA00DF7BA9 /* LabelModel.swift */,
			);
			path = Model;
			sourceTree = "<group>";
		};
		601019042832CF6E00DF7BA9 /* Extension */ = {
			isa = PBXGroup;
			children = (
				601019022832CF5100DF7BA9 /* NSCollectionLayoutItem+Extension.swift */,
				601019072832D1CF00DF7BA9 /* NSDirectionalEdgeInsets+Extension.swift */,
				6010190F2833E5F800DF7BA9 /* UICollectionReusableView+Extension.swift */,
			);
			path = Extension;
			sourceTree = "<group>";
		};
		601019052832CFA700DF7BA9 /* ViewControllers */ = {
			isa = PBXGroup;
			children = (
				605399D628316885007444C9 /* PlaylistViewController.swift */,
			);
			path = ViewControllers;
			sourceTree = "<group>";
		};
		601019062832D01900DF7BA9 /* Views */ = {
			isa = PBXGroup;
			children = (
				601019002832766300DF7BA9 /* LabelHeadrView.swift */,
				601018F928323E5100DF7BA9 /* PagingFooterView.swift */,
				601018F32831940900DF7BA9 /* HeaderViewCell.swift */,
				60D4C26E283536B700FF7013 /* MediumViewCell.swift */,
				601018FE283272C200DF7BA9 /* LabelCell.swift */,
				6010190D2833E47F00DF7BA9 /* SimpleFooterView.swift */,
				60D4C27228369EFC00FF7013 /* VideoPlayerCardView.swift */,
			);
			path = Views;
			sourceTree = "<group>";
		};
		605399C628316885007444C9 = {
			isa = PBXGroup;
			children = (
				605399D128316885007444C9 /* YouTubePlaylists */,
				605399D028316885007444C9 /* Products */,
			);
			sourceTree = "<group>";
		};
		605399D028316885007444C9 /* Products */ = {
			isa = PBXGroup;
			children = (
				605399CF28316885007444C9 /* YouTubePlaylists.app */,
			);
			name = Products;
			sourceTree = "<group>";
		};
		605399D128316885007444C9 /* YouTubePlaylists */ = {
			isa = PBXGroup;
			children = (
				605399D228316885007444C9 /* AppDelegate.swift */,
				605399D428316885007444C9 /* SceneDelegate.swift */,
				601018FB2832431100DF7BA9 /* Model */,
				601019052832CFA700DF7BA9 /* ViewControllers */,
				601019062832D01900DF7BA9 /* Views */,
				601019042832CF6E00DF7BA9 /* Extension */,
				605399DB28316886007444C9 /* Assets.xcassets */,
				605399DD28316886007444C9 /* LaunchScreen.storyboard */,
				605399E028316886007444C9 /* Info.plist */,
			);
			path = YouTubePlaylists;
			sourceTree = "<group>";
		};
/* End PBXGroup section */

/* Begin PBXNativeTarget section */
		605399CE28316885007444C9 /* YouTubePlaylists */ = {
			isa = PBXNativeTarget;
			buildConfigurationList = 605399E328316886007444C9 /* Build configuration list for PBXNativeTarget "YouTubePlaylists" */;
			buildPhases = (
				605399CB28316885007444C9 /* Sources */,
				605399CC28316885007444C9 /* Frameworks */,
				605399CD28316885007444C9 /* Resources */,
			);
			buildRules = (
			);
			dependencies = (
			);
			name = YouTubePlaylists;
			productName = YouTubePlayList;
			productReference = 605399CF28316885007444C9 /* YouTubePlaylists.app */;
			productType = "com.apple.product-type.application";
		};
/* End PBXNativeTarget section */

/* Begin PBXProject section */
		605399C728316885007444C9 /* Project object */ = {
			isa = PBXProject;
			attributes = {
				BuildIndependentTargetsInParallel = 1;
				LastSwiftUpdateCheck = 1330;
				LastUpgradeCheck = 1330;
				TargetAttributes = {
					605399CE28316885007444C9 = {
						CreatedOnToolsVersion = 13.3.1;
					};
				};
			};
			buildConfigurationList = 605399CA28316885007444C9 /* Build configuration list for PBXProject "YouTubePlaylists" */;
			compatibilityVersion = "Xcode 13.0";
			developmentRegion = en;
			hasScannedForEncodings = 0;
			knownRegions = (
				en,
				Base,
			);
			mainGroup = 605399C628316885007444C9;
			productRefGroup = 605399D028316885007444C9 /* Products */;
			projectDirPath = "";
			projectRoot = "";
			targets = (
				605399CE28316885007444C9 /* YouTubePlaylists */,
			);
		};
/* End PBXProject section */

/* Begin PBXResourcesBuildPhase section */
		605399CD28316885007444C9 /* Resources */ = {
			isa = PBXResourcesBuildPhase;
			buildActionMask = 2147483647;
			files = (
				605399DF28316886007444C9 /* LaunchScreen.storyboard in Resources */,
				605399DC28316886007444C9 /* Assets.xcassets in Resources */,
			);
			runOnlyForDeploymentPostprocessing = 0;
		};
/* End PBXResourcesBuildPhase section */

/* Begin PBXSourcesBuildPhase section */
		605399CB28316885007444C9 /* Sources */ = {
			isa = PBXSourcesBuildPhase;
			buildActionMask = 2147483647;
			files = (
				601018FD2832432900DF7BA9 /* PagingInfo.swift in Sources */,
				605399D728316885007444C9 /* PlaylistViewController.swift in Sources */,
				601018FF283272C200DF7BA9 /* LabelCell.swift in Sources */,
				605399D328316885007444C9 /* AppDelegate.swift in Sources */,
				60D4C26F283536B700FF7013 /* MediumViewCell.swift in Sources */,
				605399D528316885007444C9 /* SceneDelegate.swift in Sources */,
				601019102833E5F800DF7BA9 /* UICollectionReusableView+Extension.swift in Sources */,
				601019032832CF5100DF7BA9 /* NSCollectionLayoutItem+Extension.swift in Sources */,
				601019012832766300DF7BA9 /* LabelHeadrView.swift in Sources */,
				6010190A2833C51B00DF7BA9 /* HeaderSectionModel.swift in Sources */,
				60D4C27128353B0C00FF7013 /* MediumSectionModel.swift in Sources */,
				6010190E2833E47F00DF7BA9 /* SimpleFooterView.swift in Sources */,
				60D4C27328369EFC00FF7013 /* VideoPlayerCardView.swift in Sources */,
				6010190C2833CAFA00DF7BA9 /* LabelModel.swift in Sources */,
				601019082832D1CF00DF7BA9 /* NSDirectionalEdgeInsets+Extension.swift in Sources */,
				601018F42831940900DF7BA9 /* HeaderViewCell.swift in Sources */,
				601018FA28323E5200DF7BA9 /* PagingFooterView.swift in Sources */,
			);
			runOnlyForDeploymentPostprocessing = 0;
		};
/* End PBXSourcesBuildPhase section */

/* Begin PBXVariantGroup section */
		605399DD28316886007444C9 /* LaunchScreen.storyboard */ = {
			isa = PBXVariantGroup;
			children = (
				605399DE28316886007444C9 /* Base */,
			);
			name = LaunchScreen.storyboard;
			sourceTree = "<group>";
		};
/* End PBXVariantGroup section */

/* Begin XCBuildConfiguration section */
		605399E128316886007444C9 /* Debug */ = {
			isa = XCBuildConfiguration;
			buildSettings = {
				ALWAYS_SEARCH_USER_PATHS = NO;
				CLANG_ANALYZER_NONNULL = YES;
				CLANG_ANALYZER_NUMBER_OBJECT_CONVERSION = YES_AGGRESSIVE;
				CLANG_CXX_LANGUAGE_STANDARD = "gnu++17";
				CLANG_ENABLE_MODULES = YES;
				CLANG_ENABLE_OBJC_ARC = YES;
				CLANG_ENABLE_OBJC_WEAK = YES;
				CLANG_WARN_BLOCK_CAPTURE_AUTORELEASING = YES;
				CLANG_WARN_BOOL_CONVERSION = YES;
				CLANG_WARN_COMMA = YES;
				CLANG_WARN_CONSTANT_CONVERSION = YES;
				CLANG_WARN_DEPRECATED_OBJC_IMPLEMENTATIONS = YES;
				CLANG_WARN_DIRECT_OBJC_ISA_USAGE = YES_ERROR;
				CLANG_WARN_DOCUMENTATION_COMMENTS = YES;
				CLANG_WARN_EMPTY_BODY = YES;
				CLANG_WARN_ENUM_CONVERSION = YES;
				CLANG_WARN_INFINITE_RECURSION = YES;
				CLANG_WARN_INT_CONVERSION = YES;
				CLANG_WARN_NON_LITERAL_NULL_CONVERSION = YES;
				CLANG_WARN_OBJC_IMPLICIT_RETAIN_SELF = YES;
				CLANG_WARN_OBJC_LITERAL_CONVERSION = YES;
				CLANG_WARN_OBJC_ROOT_CLASS = YES_ERROR;
				CLANG_WARN_QUOTED_INCLUDE_IN_FRAMEWORK_HEADER = YES;
				CLANG_WARN_RANGE_LOOP_ANALYSIS = YES;
				CLANG_WARN_STRICT_PROTOTYPES = YES;
				CLANG_WARN_SUSPICIOUS_MOVE = YES;
				CLANG_WARN_UNGUARDED_AVAILABILITY = YES_AGGRESSIVE;
				CLANG_WARN_UNREACHABLE_CODE = YES;
				CLANG_WARN__DUPLICATE_METHOD_MATCH = YES;
				COPY_PHASE_STRIP = NO;
				DEBUG_INFORMATION_FORMAT = dwarf;
				ENABLE_STRICT_OBJC_MSGSEND = YES;
				ENABLE_TESTABILITY = YES;
				GCC_C_LANGUAGE_STANDARD = gnu11;
				GCC_DYNAMIC_NO_PIC = NO;
				GCC_NO_COMMON_BLOCKS = YES;
				GCC_OPTIMIZATION_LEVEL = 0;
				GCC_PREPROCESSOR_DEFINITIONS = (
					"DEBUG=1",
					"$(inherited)",
				);
				GCC_WARN_64_TO_32_BIT_CONVERSION = YES;
				GCC_WARN_ABOUT_RETURN_TYPE = YES_ERROR;
				GCC_WARN_UNDECLARED_SELECTOR = YES;
				GCC_WARN_UNINITIALIZED_AUTOS = YES_AGGRESSIVE;
				GCC_WARN_UNUSED_FUNCTION = YES;
				GCC_WARN_UNUSED_VARIABLE = YES;
				IPHONEOS_DEPLOYMENT_TARGET = 15.4;
				MTL_ENABLE_DEBUG_INFO = INCLUDE_SOURCE;
				MTL_FAST_MATH = YES;
				ONLY_ACTIVE_ARCH = YES;
				SDKROOT = iphoneos;
				SWIFT_ACTIVE_COMPILATION_CONDITIONS = DEBUG;
				SWIFT_OPTIMIZATION_LEVEL = "-Onone";
			};
			name = Debug;
		};
		605399E228316886007444C9 /* Release */ = {
			isa = XCBuildConfiguration;
			buildSettings = {
				ALWAYS_SEARCH_USER_PATHS = NO;
				CLANG_ANALYZER_NONNULL = YES;
				CLANG_ANALYZER_NUMBER_OBJECT_CONVERSION = YES_AGGRESSIVE;
				CLANG_CXX_LANGUAGE_STANDARD = "gnu++17";
				CLANG_ENABLE_MODULES = YES;
				CLANG_ENABLE_OBJC_ARC = YES;
				CLANG_ENABLE_OBJC_WEAK = YES;
				CLANG_WARN_BLOCK_CAPTURE_AUTORELEASING = YES;
				CLANG_WARN_BOOL_CONVERSION = YES;
				CLANG_WARN_COMMA = YES;
				CLANG_WARN_CONSTANT_CONVERSION = YES;
				CLANG_WARN_DEPRECATED_OBJC_IMPLEMENTATIONS = YES;
				CLANG_WARN_DIRECT_OBJC_ISA_USAGE = YES_ERROR;
				CLANG_WARN_DOCUMENTATION_COMMENTS = YES;
				CLANG_WARN_EMPTY_BODY = YES;
				CLANG_WARN_ENUM_CONVERSION = YES;
				CLANG_WARN_INFINITE_RECURSION = YES;
				CLANG_WARN_INT_CONVERSION = YES;
				CLANG_WARN_NON_LITERAL_NULL_CONVERSION = YES;
				CLANG_WARN_OBJC_IMPLICIT_RETAIN_SELF = YES;
				CLANG_WARN_OBJC_LITERAL_CONVERSION = YES;
				CLANG_WARN_OBJC_ROOT_CLASS = YES_ERROR;
				CLANG_WARN_QUOTED_INCLUDE_IN_FRAMEWORK_HEADER = YES;
				CLANG_WARN_RANGE_LOOP_ANALYSIS = YES;
				CLANG_WARN_STRICT_PROTOTYPES = YES;
				CLANG_WARN_SUSPICIOUS_MOVE = YES;
				CLANG_WARN_UNGUARDED_AVAILABILITY = YES_AGGRESSIVE;
				CLANG_WARN_UNREACHABLE_CODE = YES;
				CLANG_WARN__DUPLICATE_METHOD_MATCH = YES;
				COPY_PHASE_STRIP = NO;
				DEBUG_INFORMATION_FORMAT = "dwarf-with-dsym";
				ENABLE_NS_ASSERTIONS = NO;
				ENABLE_STRICT_OBJC_MSGSEND = YES;
				GCC_C_LANGUAGE_STANDARD = gnu11;
				GCC_NO_COMMON_BLOCKS = YES;
				GCC_WARN_64_TO_32_BIT_CONVERSION = YES;
				GCC_WARN_ABOUT_RETURN_TYPE = YES_ERROR;
				GCC_WARN_UNDECLARED_SELECTOR = YES;
				GCC_WARN_UNINITIALIZED_AUTOS = YES_AGGRESSIVE;
				GCC_WARN_UNUSED_FUNCTION = YES;
				GCC_WARN_UNUSED_VARIABLE = YES;
				IPHONEOS_DEPLOYMENT_TARGET = 15.4;
				MTL_ENABLE_DEBUG_INFO = NO;
				MTL_FAST_MATH = YES;
				SDKROOT = iphoneos;
				SWIFT_COMPILATION_MODE = wholemodule;
				SWIFT_OPTIMIZATION_LEVEL = "-O";
				VALIDATE_PRODUCT = YES;
			};
			name = Release;
		};
		605399E428316886007444C9 /* Debug */ = {
			isa = XCBuildConfiguration;
			buildSettings = {
				ASSETCATALOG_COMPILER_APPICON_NAME = AppIcon;
				ASSETCATALOG_COMPILER_GLOBAL_ACCENT_COLOR_NAME = AccentColor;
				CODE_SIGN_STYLE = Automatic;
				CURRENT_PROJECT_VERSION = 1;
				DEVELOPMENT_TEAM = 52244XZHVN;
				GENERATE_INFOPLIST_FILE = YES;
				INFOPLIST_FILE = YouTubePlaylists/Info.plist;
				INFOPLIST_KEY_UIApplicationSupportsIndirectInputEvents = YES;
				INFOPLIST_KEY_UILaunchStoryboardName = LaunchScreen;
				INFOPLIST_KEY_UISupportedInterfaceOrientations_iPad = "UIInterfaceOrientationPortrait UIInterfaceOrientationPortraitUpsideDown UIInterfaceOrientationLandscapeLeft UIInterfaceOrientationLandscapeRight";
				INFOPLIST_KEY_UISupportedInterfaceOrientations_iPhone = "UIInterfaceOrientationPortrait UIInterfaceOrientationLandscapeLeft UIInterfaceOrientationLandscapeRight";
				LD_RUNPATH_SEARCH_PATHS = (
					"$(inherited)",
					"@executable_path/Frameworks",
				);
				MARKETING_VERSION = 1.0;
				PRODUCT_BUNDLE_IDENTIFIER = co.levchenko.YouTubePlayList;
				PRODUCT_NAME = "$(TARGET_NAME)";
				SWIFT_EMIT_LOC_STRINGS = YES;
				SWIFT_VERSION = 5.0;
				TARGETED_DEVICE_FAMILY = "1,2";
			};
			name = Debug;
		};
		605399E528316886007444C9 /* Release */ = {
			isa = XCBuildConfiguration;
			buildSettings = {
				ASSETCATALOG_COMPILER_APPICON_NAME = AppIcon;
				ASSETCATALOG_COMPILER_GLOBAL_ACCENT_COLOR_NAME = AccentColor;
				CODE_SIGN_STYLE = Automatic;
				CURRENT_PROJECT_VERSION = 1;
				DEVELOPMENT_TEAM = 52244XZHVN;
				GENERATE_INFOPLIST_FILE = YES;
				INFOPLIST_FILE = YouTubePlaylists/Info.plist;
				INFOPLIST_KEY_UIApplicationSupportsIndirectInputEvents = YES;
				INFOPLIST_KEY_UILaunchStoryboardName = LaunchScreen;
				INFOPLIST_KEY_UISupportedInterfaceOrientations_iPad = "UIInterfaceOrientationPortrait UIInterfaceOrientationPortraitUpsideDown UIInterfaceOrientationLandscapeLeft UIInterfaceOrientationLandscapeRight";
				INFOPLIST_KEY_UISupportedInterfaceOrientations_iPhone = "UIInterfaceOrientationPortrait UIInterfaceOrientationLandscapeLeft UIInterfaceOrientationLandscapeRight";
				LD_RUNPATH_SEARCH_PATHS = (
					"$(inherited)",
					"@executable_path/Frameworks",
				);
				MARKETING_VERSION = 1.0;
				PRODUCT_BUNDLE_IDENTIFIER = co.levchenko.YouTubePlayList;
				PRODUCT_NAME = "$(TARGET_NAME)";
				SWIFT_EMIT_LOC_STRINGS = YES;
				SWIFT_VERSION = 5.0;
				TARGETED_DEVICE_FAMILY = "1,2";
			};
			name = Release;
		};
/* End XCBuildConfiguration section */

/* Begin XCConfigurationList section */
		605399CA28316885007444C9 /* Build configuration list for PBXProject "YouTubePlaylists" */ = {
			isa = XCConfigurationList;
			buildConfigurations = (
				605399E128316886007444C9 /* Debug */,
				605399E228316886007444C9 /* Release */,
			);
			defaultConfigurationIsVisible = 0;
			defaultConfigurationName = Release;
		};
		605399E328316886007444C9 /* Build configuration list for PBXNativeTarget "YouTubePlaylists" */ = {
			isa = XCConfigurationList;
			buildConfigurations = (
				605399E428316886007444C9 /* Debug */,
				605399E528316886007444C9 /* Release */,
			);
			defaultConfigurationIsVisible = 0;
			defaultConfigurationName = Release;
		};
/* End XCConfigurationList section */
	};
	rootObject = 605399C728316885007444C9 /* Project object */;
}
